// !$*UTF8*$!
{
	archiveVersion = 1;
	classes = {
	};
	objectVersion = 50;
	objects = {

/* Begin PBXBuildFile section */
		975BAF9824FE7893008FB171 /* AppDelegate.swift in Sources */ = {isa = PBXBuildFile; fileRef = 975BAF9724FE7893008FB171 /* AppDelegate.swift */; };
		975BAF9A24FE7893008FB171 /* SceneDelegate.swift in Sources */ = {isa = PBXBuildFile; fileRef = 975BAF9924FE7893008FB171 /* SceneDelegate.swift */; };
		975BAF9C24FE7893008FB171 /* ViewController.swift in Sources */ = {isa = PBXBuildFile; fileRef = 975BAF9B24FE7893008FB171 /* ViewController.swift */; };
		975BAF9F24FE7893008FB171 /* Main.storyboard in Resources */ = {isa = PBXBuildFile; fileRef = 975BAF9D24FE7893008FB171 /* Main.storyboard */; };
		975BAFA224FE7893008FB171 /* IronManUILabel.xcdatamodeld in Sources */ = {isa = PBXBuildFile; fileRef = 975BAFA024FE7893008FB171 /* IronManUILabel.xcdatamodeld */; };
		975BAFA424FE7895008FB171 /* Assets.xcassets in Resources */ = {isa = PBXBuildFile; fileRef = 975BAFA324FE7895008FB171 /* Assets.xcassets */; };
		975BAFA724FE7895008FB171 /* LaunchScreen.storyboard in Resources */ = {isa = PBXBuildFile; fileRef = 975BAFA524FE7895008FB171 /* LaunchScreen.storyboard */; };
/* End PBXBuildFile section */

/* Begin PBXFileReference section */
		975BAF9424FE7893008FB171 /* IronManUILabel.app */ = {isa = PBXFileReference; explicitFileType = wrapper.application; includeInIndex = 0; path = IronManUILabel.app; sourceTree = BUILT_PRODUCTS_DIR; };
		975BAF9724FE7893008FB171 /* AppDelegate.swift */ = {isa = PBXFileReference; lastKnownFileType = sourcecode.swift; path = AppDelegate.swift; sourceTree = "<group>"; };
		975BAF9924FE7893008FB171 /* SceneDelegate.swift */ = {isa = PBXFileReference; lastKnownFileType = sourcecode.swift; path = SceneDelegate.swift; sourceTree = "<group>"; };
		975BAF9B24FE7893008FB171 /* ViewController.swift */ = {isa = PBXFileReference; lastKnownFileType = sourcecode.swift; path = ViewController.swift; sourceTree = "<group>"; };
		975BAF9E24FE7893008FB171 /* Base */ = {isa = PBXFileReference; lastKnownFileType = file.storyboard; name = Base; path = Base.lproj/Main.storyboard; sourceTree = "<group>"; };
		975BAFA124FE7893008FB171 /* IronManUILabel.xcdatamodel */ = {isa = PBXFileReference; lastKnownFileType = wrapper.xcdatamodel; path = IronManUILabel.xcdatamodel; sourceTree = "<group>"; };
		975BAFA324FE7895008FB171 /* Assets.xcassets */ = {isa = PBXFileReference; lastKnownFileType = folder.assetcatalog; path = Assets.xcassets; sourceTree = "<group>"; };
		975BAFA624FE7895008FB171 /* Base */ = {isa = PBXFileReference; lastKnownFileType = file.storyboard; name = Base; path = Base.lproj/LaunchScreen.storyboard; sourceTree = "<group>"; };
		975BAFA824FE7895008FB171 /* Info.plist */ = {isa = PBXFileReference; lastKnownFileType = text.plist.xml; path = Info.plist; sourceTree = "<group>"; };
/* End PBXFileReference section */

/* Begin PBXFrameworksBuildPhase section */
		975BAF9124FE7893008FB171 /* Frameworks */ = {
			isa = PBXFrameworksBuildPhase;
			buildActionMask = 2147483647;
			files = (
			);
			runOnlyForDeploymentPostprocessing = 0;
		};
/* End PBXFrameworksBuildPhase section */

/* Begin PBXGroup section */
		975BAF8B24FE7893008FB171 = {
			isa = PBXGroup;
			children = (
				975BAF9624FE7893008FB171 /* IronManUILabel */,
				975BAF9524FE7893008FB171 /* Products */,
			);
			sourceTree = "<group>";
		};
		975BAF9524FE7893008FB171 /* Products */ = {
			isa = PBXGroup;
			children = (
				975BAF9424FE7893008FB171 /* IronManUILabel.app */,
			);
			name = Products;
			sourceTree = "<group>";
		};
		975BAF9624FE7893008FB171 /* IronManUILabel */ = {
			isa = PBXGroup;
			children = (
				975BAF9724FE7893008FB171 /* AppDelegate.swift */,
				975BAF9924FE7893008FB171 /* SceneDelegate.swift */,
				975BAF9B24FE7893008FB171 /* ViewController.swift */,
				975BAF9D24FE7893008FB171 /* Main.storyboard */,
				975BAFA324FE7895008FB171 /* Assets.xcassets */,
				975BAFA524FE7895008FB171 /* LaunchScreen.storyboard */,
				975BAFA824FE7895008FB171 /* Info.plist */,
				975BAFA024FE7893008FB171 /* IronManUILabel.xcdatamodeld */,
			);
			path = IronManUILabel;
			sourceTree = "<group>";
		};
/* End PBXGroup section */

/* Begin PBXNativeTarget section */
		975BAF9324FE7893008FB171 /* IronManUILabel */ = {
			isa = PBXNativeTarget;
			buildConfigurationList = 975BAFAB24FE7895008FB171 /* Build configuration list for PBXNativeTarget "IronManUILabel" */;
			buildPhases = (
				975BAF9024FE7893008FB171 /* Sources */,
				975BAF9124FE7893008FB171 /* Frameworks */,
				975BAF9224FE7893008FB171 /* Resources */,
			);
			buildRules = (
			);
			dependencies = (
			);
			name = IronManUILabel;
			productName = IronManUILabel;
			productReference = 975BAF9424FE7893008FB171 /* IronManUILabel.app */;
			productType = "com.apple.product-type.application";
		};
/* End PBXNativeTarget section */

/* Begin PBXProject section */
		975BAF8C24FE7893008FB171 /* Project object */ = {
			isa = PBXProject;
			attributes = {
				LastSwiftUpdateCheck = 1160;
				LastUpgradeCheck = 1160;
				ORGANIZATIONNAME = KuanYu;
				TargetAttributes = {
					975BAF9324FE7893008FB171 = {
						CreatedOnToolsVersion = 11.6;
					};
				};
			};
			buildConfigurationList = 975BAF8F24FE7893008FB171 /* Build configuration list for PBXProject "IronManUILabel" */;
			compatibilityVersion = "Xcode 9.3";
			developmentRegion = en;
			hasScannedForEncodings = 0;
			knownRegions = (
				en,
				Base,
			);
			mainGroup = 975BAF8B24FE7893008FB171;
			productRefGroup = 975BAF9524FE7893008FB171 /* Products */;
			projectDirPath = "";
			projectRoot = "";
			targets = (
				975BAF9324FE7893008FB171 /* IronManUILabel */,
			);
		};
/* End PBXProject section */

/* Begin PBXResourcesBuildPhase section */
		975BAF9224FE7893008FB171 /* Resources */ = {
			isa = PBXResourcesBuildPhase;
			buildActionMask = 2147483647;
			files = (
				975BAFA724FE7895008FB171 /* LaunchScreen.storyboard in Resources */,
				975BAFA424FE7895008FB171 /* Assets.xcassets in Resources */,
				975BAF9F24FE7893008FB171 /* Main.storyboard in Resources */,
			);
			runOnlyForDeploymentPostprocessing = 0;
		};
/* End PBXResourcesBuildPhase section */

/* Begin PBXSourcesBuildPhase section */
		975BAF9024FE7893008FB171 /* Sources */ = {
			isa = PBXSourcesBuildPhase;
			buildActionMask = 2147483647;
			files = (
				975BAF9C24FE7893008FB171 /* ViewController.swift in Sources */,
				975BAFA224FE7893008FB171 /* IronManUILabel.xcdatamodeld in Sources */,
				975BAF9824FE7893008FB171 /* AppDelegate.swift in Sources */,
				975BAF9A24FE7893008FB171 /* SceneDelegate.swift in Sources */,
			);
			runOnlyForDeploymentPostprocessing = 0;
		};
/* End PBXSourcesBuildPhase section */

/* Begin PBXVariantGroup section */
		975BAF9D24FE7893008FB171 /* Main.storyboard */ = {
			isa = PBXVariantGroup;
			children = (
				975BAF9E24FE7893008FB171 /* Base */,
			);
			name = Main.storyboard;
			sourceTree = "<group>";
		};
		975BAFA524FE7895008FB171 /* LaunchScreen.storyboard */ = {
			isa = PBXVariantGroup;
			children = (
				975BAFA624FE7895008FB171 /* Base */,
			);
			name = LaunchScreen.storyboard;
			sourceTree = "<group>";
		};
/* End PBXVariantGroup section */

/* Begin XCBuildConfiguration section */
		975BAFA924FE7895008FB171 /* Debug */ = {
			isa = XCBuildConfiguration;
			buildSettings = {
				ALWAYS_SEARCH_USER_PATHS = NO;
				CLANG_ANALYZER_NONNULL = YES;
				CLANG_ANALYZER_NUMBER_OBJECT_CONVERSION = YES_AGGRESSIVE;
				CLANG_CXX_LANGUAGE_STANDARD = "gnu++14";
				CLANG_CXX_LIBRARY = "libc++";
				CLANG_ENABLE_MODULES = YES;
				CLANG_ENABLE_OBJC_ARC = YES;
				CLANG_ENABLE_OBJC_WEAK = YES;
				CLANG_WARN_BLOCK_CAPTURE_AUTORELEASING = YES;
				CLANG_WARN_BOOL_CONVERSION = YES;
				CLANG_WARN_COMMA = YES;
				CLANG_WARN_CONSTANT_CONVERSION = YES;
				CLANG_WARN_DEPRECATED_OBJC_IMPLEMENTATIONS = YES;
				CLANG_WARN_DIRECT_OBJC_ISA_USAGE = YES_ERROR;
				CLANG_WARN_DOCUMENTATION_COMMENTS = YES;
				CLANG_WARN_EMPTY_BODY = YES;
				CLANG_WARN_ENUM_CONVERSION = YES;
				CLANG_WARN_INFINITE_RECURSION = YES;
				CLANG_WARN_INT_CONVERSION = YES;
				CLANG_WARN_NON_LITERAL_NULL_CONVERSION = YES;
				CLANG_WARN_OBJC_IMPLICIT_RETAIN_SELF = YES;
				CLANG_WARN_OBJC_LITERAL_CONVERSION = YES;
				CLANG_WARN_OBJC_ROOT_CLASS = YES_ERROR;
				CLANG_WARN_RANGE_LOOP_ANALYSIS = YES;
				CLANG_WARN_STRICT_PROTOTYPES = YES;
				CLANG_WARN_SUSPICIOUS_MOVE = YES;
				CLANG_WARN_UNGUARDED_AVAILABILITY = YES_AGGRESSIVE;
				CLANG_WARN_UNREACHABLE_CODE = YES;
				CLANG_WARN__DUPLICATE_METHOD_MATCH = YES;
				COPY_PHASE_STRIP = NO;
				DEBUG_INFORMATION_FORMAT = dwarf;
				ENABLE_STRICT_OBJC_MSGSEND = YES;
				ENABLE_TESTABILITY = YES;
				GCC_C_LANGUAGE_STANDARD = gnu11;
				GCC_DYNAMIC_NO_PIC = NO;
				GCC_NO_COMMON_BLOCKS = YES;
				GCC_OPTIMIZATION_LEVEL = 0;
				GCC_PREPROCESSOR_DEFINITIONS = (
					"DEBUG=1",
					"$(inherited)",
				);
				GCC_WARN_64_TO_32_BIT_CONVERSION = YES;
				GCC_WARN_ABOUT_RETURN_TYPE = YES_ERROR;
				GCC_WARN_UNDECLARED_SELECTOR = YES;
				GCC_WARN_UNINITIALIZED_AUTOS = YES_AGGRESSIVE;
				GCC_WARN_UNUSED_FUNCTION = YES;
				GCC_WARN_UNUSED_VARIABLE = YES;
				IPHONEOS_DEPLOYMENT_TARGET = 13.6;
				MTL_ENABLE_DEBUG_INFO = INCLUDE_SOURCE;
				MTL_FAST_MATH = YES;
				ONLY_ACTIVE_ARCH = YES;
				SDKROOT = iphoneos;
				SWIFT_ACTIVE_COMPILATION_CONDITIONS = DEBUG;
				SWIFT_OPTIMIZATION_LEVEL = "-Onone";
			};
			name = Debug;
		};
		975BAFAA24FE7895008FB171 /* Release */ = {
			isa = XCBuildConfiguration;
			buildSettings = {
				ALWAYS_SEARCH_USER_PATHS = NO;
				CLANG_ANALYZER_NONNULL = YES;
				CLANG_ANALYZER_NUMBER_OBJECT_CONVERSION = YES_AGGRESSIVE;
				CLANG_CXX_LANGUAGE_STANDARD = "gnu++14";
				CLANG_CXX_LIBRARY = "libc++";
				CLANG_ENABLE_MODULES = YES;
				CLANG_ENABLE_OBJC_ARC = YES;
				CLANG_ENABLE_OBJC_WEAK = YES;
				CLANG_WARN_BLOCK_CAPTURE_AUTORELEASING = YES;
				CLANG_WARN_BOOL_CONVERSION = YES;
				CLANG_WARN_COMMA = YES;
				CLANG_WARN_CONSTANT_CONVERSION = YES;
				CLANG_WARN_DEPRECATED_OBJC_IMPLEMENTATIONS = YES;
				CLANG_WARN_DIRECT_OBJC_ISA_USAGE = YES_ERROR;
				CLANG_WARN_DOCUMENTATION_COMMENTS = YES;
				CLANG_WARN_EMPTY_BODY = YES;
				CLANG_WARN_ENUM_CONVERSION = YES;
				CLANG_WARN_INFINITE_RECURSION = YES;
				CLANG_WARN_INT_CONVERSION = YES;
				CLANG_WARN_NON_LITERAL_NULL_CONVERSION = YES;
				CLANG_WARN_OBJC_IMPLICIT_RETAIN_SELF = YES;
				CLANG_WARN_OBJC_LITERAL_CONVERSION = YES;
				CLANG_WARN_OBJC_ROOT_CLASS = YES_ERROR;
				CLANG_WARN_RANGE_LOOP_ANALYSIS = YES;
				CLANG_WARN_STRICT_PROTOTYPES = YES;
				CLANG_WARN_SUSPICIOUS_MOVE = YES;
				CLANG_WARN_UNGUARDED_AVAILABILITY = YES_AGGRESSIVE;
				CLANG_WARN_UNREACHABLE_CODE = YES;
				CLANG_WARN__DUPLICATE_METHOD_MATCH = YES;
				COPY_PHASE_STRIP = NO;
				DEBUG_INFORMATION_FORMAT = "dwarf-with-dsym";
				ENABLE_NS_ASSERTIONS = NO;
				ENABLE_STRICT_OBJC_MSGSEND = YES;
				GCC_C_LANGUAGE_STANDARD = gnu11;
				GCC_NO_COMMON_BLOCKS = YES;
				GCC_WARN_64_TO_32_BIT_CONVERSION = YES;
				GCC_WARN_ABOUT_RETURN_TYPE = YES_ERROR;
				GCC_WARN_UNDECLARED_SELECTOR = YES;
				GCC_WARN_UNINITIALIZED_AUTOS = YES_AGGRESSIVE;
				GCC_WARN_UNUSED_FUNCTION = YES;
				GCC_WARN_UNUSED_VARIABLE = YES;
				IPHONEOS_DEPLOYMENT_TARGET = 13.6;
				MTL_ENABLE_DEBUG_INFO = NO;
				MTL_FAST_MATH = YES;
				SDKROOT = iphoneos;
				SWIFT_COMPILATION_MODE = wholemodule;
				SWIFT_OPTIMIZATION_LEVEL = "-O";
				VALIDATE_PRODUCT = YES;
			};
			name = Release;
		};
		975BAFAC24FE7895008FB171 /* Debug */ = {
			isa = XCBuildConfiguration;
			buildSettings = {
				ASSETCATALOG_COMPILER_APPICON_NAME = AppIcon;
				CODE_SIGN_STYLE = Automatic;
				DEVELOPMENT_TEAM = 924JRRG5DX;
				INFOPLIST_FILE = IronManUILabel/Info.plist;
				LD_RUNPATH_SEARCH_PATHS = (
					"$(inherited)",
					"@executable_path/Frameworks",
				);
				PRODUCT_BUNDLE_IDENTIFIER = KuanYu.IronManUILabel;
				PRODUCT_NAME = "$(TARGET_NAME)";
				SWIFT_VERSION = 5.0;
				TARGETED_DEVICE_FAMILY = "1,2";
			};
			name = Debug;
		};
		975BAFAD24FE7895008FB171 /* Release */ = {
			isa = XCBuildConfiguration;
			buildSettings = {
				ASSETCATALOG_COMPILER_APPICON_NAME = AppIcon;
				CODE_SIGN_STYLE = Automatic;
				DEVELOPMENT_TEAM = 924JRRG5DX;
				INFOPLIST_FILE = IronManUILabel/Info.plist;
				LD_RUNPATH_SEARCH_PATHS = (
					"$(inherited)",
					"@executable_path/Frameworks",
				);
				PRODUCT_BUNDLE_IDENTIFIER = KuanYu.IronManUILabel;
				PRODUCT_NAME = "$(TARGET_NAME)";
				SWIFT_VERSION = 5.0;
				TARGETED_DEVICE_FAMILY = "1,2";
			};
			name = Release;
		};
/* End XCBuildConfiguration section */

/* Begin XCConfigurationList section */
		975BAF8F24FE7893008FB171 /* Build configuration list for PBXProject "IronManUILabel" */ = {
			isa = XCConfigurationList;
			buildConfigurations = (
				975BAFA924FE7895008FB171 /* Debug */,
				975BAFAA24FE7895008FB171 /* Release */,
			);
			defaultConfigurationIsVisible = 0;
			defaultConfigurationName = Release;
		};
		975BAFAB24FE7895008FB171 /* Build configuration list for PBXNativeTarget "IronManUILabel" */ = {
			isa = XCConfigurationList;
			buildConfigurations = (
				975BAFAC24FE7895008FB171 /* Debug */,
				975BAFAD24FE7895008FB171 /* Release */,
			);
			defaultConfigurationIsVisible = 0;
			defaultConfigurationName = Release;
		};
/* End XCConfigurationList section */

/* Begin XCVersionGroup section */
		975BAFA024FE7893008FB171 /* IronManUILabel.xcdatamodeld */ = {
			isa = XCVersionGroup;
			children = (
				975BAFA124FE7893008FB171 /* IronManUILabel.xcdatamodel */,
			);
			currentVersion = 975BAFA124FE7893008FB171 /* IronManUILabel.xcdatamodel */;
			path = IronManUILabel.xcdatamodeld;
			sourceTree = "<group>";
			versionGroupType = wrapper.xcdatamodel;
		};
/* End XCVersionGroup section */
	};
	rootObject = 975BAF8C24FE7893008FB171 /* Project object */;
}
